{
    "version": 3,
    "terraform_version": "0.11.7",
    "serial": 2,
    "lineage": "c3d43b19-077e-50ce-060b-e3b8a1e455d1",
    "modules": [
        {
            "path": [
                "root"
            ],
            "outputs": {
                "ec2_instance_id": {
                    "sensitive": false,
                    "type": "string",
                    "value": "i-0f986aff4b6af652f"
                },
                "private_subnet_id": {
                    "sensitive": false,
                    "type": "string",
                    "value": "subnet-0248084f926b5ce15"
                },
                "public_subnet_id": {
                    "sensitive": false,
                    "type": "string",
                    "value": "subnet-0b2d248df2ddfc405"
                },
                "security_group_id": {
                    "sensitive": false,
                    "type": "string",
                    "value": "sg-09e59fd9dc0b9b97c"
                },
                "vpc_id": {
                    "sensitive": false,
                    "type": "string",
                    "value": "vpc-0ee8ef8b16786b2a8"
                }
            },
            "resources": {
                "aws_instance.ec2_instance": {
                    "type": "aws_instance",
                    "depends_on": [
                        "aws_security_group.base_sg",
                        "aws_subnet.public_subnet"
                    ],
                    "primary": {
                        "id": "i-0f986aff4b6af652f",
                        "attributes": {
                            "ami": "ami-4e79ed36",
                            "associate_public_ip_address": "true",
                            "availability_zone": "us-west-2c",
                            "credit_specification.#": "1",
                            "credit_specification.0.cpu_credits": "standard",
                            "disable_api_termination": "false",
                            "ebs_block_device.#": "0",
                            "ebs_optimized": "false",
                            "ephemeral_block_device.#": "0",
                            "get_password_data": "false",
                            "iam_instance_profile": "",
                            "id": "i-0f986aff4b6af652f",
                            "instance_state": "running",
                            "instance_type": "t2.micro",
                            "ipv6_addresses.#": "0",
                            "key_name": "ashish_test",
                            "monitoring": "false",
                            "network_interface.#": "0",
                            "network_interface_id": "eni-091b56cf53c8e1d55",
                            "password_data": "",
                            "placement_group": "",
                            "primary_network_interface_id": "eni-091b56cf53c8e1d55",
                            "private_dns": "ip-10-0-1-218.us-west-2.compute.internal",
                            "private_ip": "10.0.1.218",
                            "public_dns": "ec2-34-219-23-254.us-west-2.compute.amazonaws.com",
                            "public_ip": "34.219.23.254",
                            "root_block_device.#": "1",
                            "root_block_device.0.delete_on_termination": "true",
                            "root_block_device.0.iops": "100",
                            "root_block_device.0.volume_id": "vol-01403c7eb3c37f131",
                            "root_block_device.0.volume_size": "8",
                            "root_block_device.0.volume_type": "gp2",
                            "security_groups.#": "0",
                            "source_dest_check": "false",
                            "subnet_id": "subnet-0b2d248df2ddfc405",
                            "tags.%": "1",
                            "tags.Name": "webserver",
                            "tenancy": "default",
                            "volume_tags.%": "0",
                            "vpc_security_group_ids.#": "1",
                            "vpc_security_group_ids.2021158906": "sg-09e59fd9dc0b9b97c"
                        },
                        "meta": {
                            "e2bfb730-ecaa-11e6-8f88-34363bc7c4c0": {
                                "create": 600000000000,
                                "delete": 1200000000000,
                                "update": 600000000000
                            },
                            "schema_version": "1"
                        },
                        "tainted": false
                    },
                    "deposed": [],
                    "provider": "provider.aws"
                },
                "aws_internet_gateway.internet_gateway": {
                    "type": "aws_internet_gateway",
                    "depends_on": [
                        "aws_vpc.vpc"
                    ],
                    "primary": {
                        "id": "igw-0b79f82218ccad5d1",
                        "attributes": {
                            "id": "igw-0b79f82218ccad5d1",
                            "tags.%": "1",
                            "tags.Name": "webserver_igw",
                            "vpc_id": "vpc-0ee8ef8b16786b2a8"
                        },
                        "meta": {},
                        "tainted": false
                    },
                    "deposed": [],
                    "provider": "provider.aws"
                },
                "aws_route.internet_access": {
                    "type": "aws_route",
                    "depends_on": [
                        "aws_internet_gateway.internet_gateway",
                        "aws_vpc.vpc"
                    ],
                    "primary": {
                        "id": "r-rtb-0fa28c41c022c59e21080289494",
                        "attributes": {
                            "destination_cidr_block": "0.0.0.0/0",
                            "destination_prefix_list_id": "",
                            "egress_only_gateway_id": "",
                            "gateway_id": "igw-0b79f82218ccad5d1",
                            "id": "r-rtb-0fa28c41c022c59e21080289494",
                            "instance_id": "",
                            "instance_owner_id": "",
                            "nat_gateway_id": "",
                            "network_interface_id": "",
                            "origin": "CreateRoute",
                            "route_table_id": "rtb-0fa28c41c022c59e2",
                            "state": "active",
                            "vpc_peering_connection_id": ""
                        },
                        "meta": {
                            "e2bfb730-ecaa-11e6-8f88-34363bc7c4c0": {
                                "create": 120000000000,
                                "delete": 300000000000
                            }
                        },
                        "tainted": false
                    },
                    "deposed": [],
                    "provider": "provider.aws"
                },
                "aws_security_group.base_sg": {
                    "type": "aws_security_group",
                    "depends_on": [
                        "aws_vpc.vpc"
                    ],
                    "primary": {
                        "id": "sg-09e59fd9dc0b9b97c",
                        "attributes": {
                            "arn": "arn:aws:ec2:us-west-2:498270265392:security-group/sg-09e59fd9dc0b9b97c",
                            "description": "Base security group",
                            "egress.#": "0",
                            "id": "sg-09e59fd9dc0b9b97c",
                            "ingress.#": "0",
                            "name": "webserver_base_sg",
                            "owner_id": "498270265392",
                            "revoke_rules_on_delete": "false",
                            "tags.%": "1",
                            "tags.Name": "webserver_base_sg",
                            "vpc_id": "vpc-0ee8ef8b16786b2a8"
                        },
                        "meta": {
                            "e2bfb730-ecaa-11e6-8f88-34363bc7c4c0": {
                                "create": 600000000000,
                                "delete": 600000000000
                            },
                            "schema_version": "1"
                        },
                        "tainted": false
                    },
                    "deposed": [],
                    "provider": "provider.aws"
                },
                "aws_security_group_rule.allow_inbound_22": {
                    "type": "aws_security_group_rule",
                    "depends_on": [
                        "aws_security_group.base_sg"
                    ],
                    "primary": {
                        "id": "sgrule-769554736",
                        "attributes": {
                            "cidr_blocks.#": "1",
                            "cidr_blocks.0": "10.1.10.199/32",
                            "from_port": "22",
                            "id": "sgrule-769554736",
                            "protocol": "-1",
                            "security_group_id": "sg-09e59fd9dc0b9b97c",
                            "self": "false",
                            "to_port": "22",
                            "type": "ingress"
                        },
                        "meta": {
                            "schema_version": "2"
                        },
                        "tainted": false
                    },
                    "deposed": [],
                    "provider": "provider.aws"
                },
                "aws_security_group_rule.allow_outbound_all": {
                    "type": "aws_security_group_rule",
                    "depends_on": [
                        "aws_security_group.base_sg"
                    ],
                    "primary": {
                        "id": "sgrule-2230111661",
                        "attributes": {
                            "cidr_blocks.#": "1",
                            "cidr_blocks.0": "0.0.0.0/0",
                            "from_port": "0",
                            "id": "sgrule-2230111661",
                            "protocol": "-1",
                            "security_group_id": "sg-09e59fd9dc0b9b97c",
                            "self": "false",
                            "to_port": "65535",
                            "type": "egress"
                        },
                        "meta": {
                            "schema_version": "2"
                        },
                        "tainted": false
                    },
                    "deposed": [],
                    "provider": "provider.aws"
                },
                "aws_subnet.private_subnet": {
                    "type": "aws_subnet",
                    "depends_on": [
                        "aws_vpc.vpc"
                    ],
                    "primary": {
                        "id": "subnet-0248084f926b5ce15",
                        "attributes": {
                            "assign_ipv6_address_on_creation": "false",
                            "availability_zone": "us-west-2c",
                            "cidr_block": "10.0.2.0/24",
                            "id": "subnet-0248084f926b5ce15",
                            "map_public_ip_on_launch": "false",
                            "tags.%": "1",
                            "tags.Name": "webserver_private",
                            "vpc_id": "vpc-0ee8ef8b16786b2a8"
                        },
                        "meta": {
                            "schema_version": "1"
                        },
                        "tainted": false
                    },
                    "deposed": [],
                    "provider": "provider.aws"
                },
                "aws_subnet.public_subnet": {
                    "type": "aws_subnet",
                    "depends_on": [
                        "aws_vpc.vpc"
                    ],
                    "primary": {
                        "id": "subnet-0b2d248df2ddfc405",
                        "attributes": {
                            "assign_ipv6_address_on_creation": "false",
                            "availability_zone": "us-west-2c",
                            "cidr_block": "10.0.1.0/24",
                            "id": "subnet-0b2d248df2ddfc405",
                            "map_public_ip_on_launch": "true",
                            "tags.%": "1",
                            "tags.Name": "webserver_public",
                            "vpc_id": "vpc-0ee8ef8b16786b2a8"
                        },
                        "meta": {
                            "schema_version": "1"
                        },
                        "tainted": false
                    },
                    "deposed": [],
                    "provider": "provider.aws"
                },
                "aws_vpc.vpc": {
                    "type": "aws_vpc",
                    "depends_on": [],
                    "primary": {
                        "id": "vpc-0ee8ef8b16786b2a8",
                        "attributes": {
                            "assign_generated_ipv6_cidr_block": "false",
                            "cidr_block": "10.0.0.0/16",
                            "default_network_acl_id": "acl-0dc199fd472b11a83",
                            "default_route_table_id": "rtb-0fa28c41c022c59e2",
                            "default_security_group_id": "sg-0fbba387d0aaae37b",
                            "dhcp_options_id": "dopt-e26d3d9b",
                            "enable_classiclink": "false",
                            "enable_classiclink_dns_support": "false",
                            "enable_dns_hostnames": "true",
                            "enable_dns_support": "true",
                            "id": "vpc-0ee8ef8b16786b2a8",
                            "instance_tenancy": "default",
                            "main_route_table_id": "rtb-0fa28c41c022c59e2",
                            "tags.%": "1",
                            "tags.Name": "webserver_vpc"
                        },
                        "meta": {
                            "schema_version": "1"
                        },
                        "tainted": false
                    },
                    "deposed": [],
                    "provider": "provider.aws"
                }
            },
            "depends_on": []
        }
    ]
}
